
Microsoft Visual Studio Solution File, Format Version 12.00
# Visual Studio Version 17
VisualStudioVersion = 17.2.32630.192
MinimumVisualStudioVersion = 10.0.40219.1
Project("{9A19103F-16F7-4668-BE54-9A1E7A4F7556}") = "Cadastros.API", "Cadastros.API\Cadastros.API.csproj", "{ACF4A3B9-E0EC-4EF3-AD82-C166553591DA}"
EndProject
Project("{FAE04EC0-301F-11D3-BF4B-00C04F79EFBC}") = "Cadastros.Domain", "Cadastros.Domain\Cadastros.Domain.csproj", "{9BE0EC42-CDAF-417D-BFB8-C7F275805907}"
EndProject
Project("{FAE04EC0-301F-11D3-BF4B-00C04F79EFBC}") = "Cadastros.Application", "Cadastros.Application\Cadastros.Application.csproj", "{3C31E86A-95B9-46FB-96A3-E4A76B2487D3}"
EndProject
Project("{FAE04EC0-301F-11D3-BF4B-00C04F79EFBC}") = "Cadastros.CrossCutting", "Cadastros.CrossCutting\Cadastros.CrossCutting.csproj", "{A3B9B357-C2E7-4D07-B1B1-4D30CFF17B37}"
EndProject
Project("{FAE04EC0-301F-11D3-BF4B-00C04F79EFBC}") = "Cadastros.Data", "Cadastros.Data\Cadastros.Data.csproj", "{2B7D95EA-1B5B-4567-B7D4-6D8AC8F7222D}"
EndProject
Project("{FAE04EC0-301F-11D3-BF4B-00C04F79EFBC}") = "Cadastros.Tests", "Cadastros.Tests\Cadastros.Tests.csproj", "{08B5929A-6C56-4BFE-AD1C-61B6C988002C}"
EndProject
Global
	GlobalSection(SolutionConfigurationPlatforms) = preSolution
		Debug|Any CPU = Debug|Any CPU
		Release|Any CPU = Release|Any CPU
	EndGlobalSection
	GlobalSection(ProjectConfigurationPlatforms) = postSolution
		{ACF4A3B9-E0EC-4EF3-AD82-C166553591DA}.Debug|Any CPU.ActiveCfg = Debug|Any CPU
		{ACF4A3B9-E0EC-4EF3-AD82-C166553591DA}.Debug|Any CPU.Build.0 = Debug|Any CPU
		{ACF4A3B9-E0EC-4EF3-AD82-C166553591DA}.Release|Any CPU.ActiveCfg = Release|Any CPU
		{ACF4A3B9-E0EC-4EF3-AD82-C166553591DA}.Release|Any CPU.Build.0 = Release|Any CPU
		{9BE0EC42-CDAF-417D-BFB8-C7F275805907}.Debug|Any CPU.ActiveCfg = Debug|Any CPU
		{9BE0EC42-CDAF-417D-BFB8-C7F275805907}.Debug|Any CPU.Build.0 = Debug|Any CPU
		{9BE0EC42-CDAF-417D-BFB8-C7F275805907}.Release|Any CPU.ActiveCfg = Release|Any CPU
		{9BE0EC42-CDAF-417D-BFB8-C7F275805907}.Release|Any CPU.Build.0 = Release|Any CPU
		{3C31E86A-95B9-46FB-96A3-E4A76B2487D3}.Debug|Any CPU.ActiveCfg = Debug|Any CPU
		{3C31E86A-95B9-46FB-96A3-E4A76B2487D3}.Debug|Any CPU.Build.0 = Debug|Any CPU
		{3C31E86A-95B9-46FB-96A3-E4A76B2487D3}.Release|Any CPU.ActiveCfg = Release|Any CPU
		{3C31E86A-95B9-46FB-96A3-E4A76B2487D3}.Release|Any CPU.Build.0 = Release|Any CPU
		{A3B9B357-C2E7-4D07-B1B1-4D30CFF17B37}.Debug|Any CPU.ActiveCfg = Debug|Any CPU
		{A3B9B357-C2E7-4D07-B1B1-4D30CFF17B37}.Debug|Any CPU.Build.0 = Debug|Any CPU
		{A3B9B357-C2E7-4D07-B1B1-4D30CFF17B37}.Release|Any CPU.ActiveCfg = Release|Any CPU
		{A3B9B357-C2E7-4D07-B1B1-4D30CFF17B37}.Release|Any CPU.Build.0 = Release|Any CPU
		{2B7D95EA-1B5B-4567-B7D4-6D8AC8F7222D}.Debug|Any CPU.ActiveCfg = Debug|Any CPU
		{2B7D95EA-1B5B-4567-B7D4-6D8AC8F7222D}.Debug|Any CPU.Build.0 = Debug|Any CPU
		{2B7D95EA-1B5B-4567-B7D4-6D8AC8F7222D}.Release|Any CPU.ActiveCfg = Release|Any CPU
		{2B7D95EA-1B5B-4567-B7D4-6D8AC8F7222D}.Release|Any CPU.Build.0 = Release|Any CPU
		{08B5929A-6C56-4BFE-AD1C-61B6C988002C}.Debug|Any CPU.ActiveCfg = Debug|Any CPU
		{08B5929A-6C56-4BFE-AD1C-61B6C988002C}.Debug|Any CPU.Build.0 = Debug|Any CPU
		{08B5929A-6C56-4BFE-AD1C-61B6C988002C}.Release|Any CPU.ActiveCfg = Release|Any CPU
		{08B5929A-6C56-4BFE-AD1C-61B6C988002C}.Release|Any CPU.Build.0 = Release|Any CPU
	EndGlobalSection
	GlobalSection(SolutionProperties) = preSolution
		HideSolutionNode = FALSE
	EndGlobalSection
	GlobalSection(ExtensibilityGlobals) = postSolution
		SolutionGuid = {D0714C0F-C82C-44E3-8D8B-D75253302017}
	EndGlobalSection
EndGlobal
