
Microsoft Visual Studio Solution File, Format Version 12.00
# Visual Studio Version 17
VisualStudioVersion = 17.2.32630.192
MinimumVisualStudioVersion = 10.0.40219.1
Project("{FAE04EC0-301F-11D3-BF4B-00C04F79EFBC}") = "Cadastros.API", "Cadastros.API\Cadastros.API.csproj", "{ACF4A3B9-E0EC-4EF3-AD82-C166553591DA}"
EndProject
Global
	GlobalSection(SolutionConfigurationPlatforms) = preSolution
		Debug|Any CPU = Debug|Any CPU
		Release|Any CPU = Release|Any CPU
	EndGlobalSection
	GlobalSection(ProjectConfigurationPlatforms) = postSolution
		{ACF4A3B9-E0EC-4EF3-AD82-C166553591DA}.Debug|Any CPU.ActiveCfg = Debug|Any CPU
		{ACF4A3B9-E0EC-4EF3-AD82-C166553591DA}.Debug|Any CPU.Build.0 = Debug|Any CPU
		{ACF4A3B9-E0EC-4EF3-AD82-C166553591DA}.Release|Any CPU.ActiveCfg = Release|Any CPU
		{ACF4A3B9-E0EC-4EF3-AD82-C166553591DA}.Release|Any CPU.Build.0 = Release|Any CPU
	EndGlobalSection
	GlobalSection(SolutionProperties) = preSolution
		HideSolutionNode = FALSE
	EndGlobalSection
	GlobalSection(ExtensibilityGlobals) = postSolution
		SolutionGuid = {D0714C0F-C82C-44E3-8D8B-D75253302017}
	EndGlobalSection
EndGlobal
