
Microsoft Visual Studio Solution File, Format Version 12.00
# Visual Studio Version 17
VisualStudioVersion = 17.3.32825.248
MinimumVisualStudioVersion = 10.0.40219.1
Project("{FAE04EC0-301F-11D3-BF4B-00C04F79EFBC}") = "MyEcommerceAuthorize.Api", "MyEcommerceAuthorize.Api\MyEcommerceAuthorize.Api.csproj", "{FD9BF793-0E77-4190-9898-82634EC7A4AA}"
EndProject
Project("{FAE04EC0-301F-11D3-BF4B-00C04F79EFBC}") = "MyEcommerceAuthorize.Application", "MyEcommerceAuthorize.Application\MyEcommerceAuthorize.Application.csproj", "{6A995A87-4FE5-4A6D-A8C2-7EA05D58FB37}"
EndProject
Project("{FAE04EC0-301F-11D3-BF4B-00C04F79EFBC}") = "MyEcommerceAuthorize.CrossCutting", "MyEcommerceAuthorize.CrossCutting\MyEcommerceAuthorize.CrossCutting.csproj", "{FEE299F9-650C-415B-9281-8B33F3AD2BF5}"
EndProject
Project("{FAE04EC0-301F-11D3-BF4B-00C04F79EFBC}") = "MyEcommerceAuthorize.Domain", "MyEcommerceAuthorize.Domain\MyEcommerceAuthorize.Domain.csproj", "{81AC9293-8FA9-420E-BF9A-7FDD4BD9E888}"
EndProject
Project("{2150E333-8FDC-42A3-9474-1A3956D46DE8}") = "Solution Items", "Solution Items", "{3AF1736A-EE17-462D-BC66-D6E82E9B362D}"
	ProjectSection(SolutionItems) = preProject
		.editorconfig = .editorconfig
	EndProjectSection
EndProject
Project("{FAE04EC0-301F-11D3-BF4B-00C04F79EFBC}") = "MyEcommerceAuthorize.Data", "MyEcommerceAuthorize.Data\MyEcommerceAuthorize.Data.csproj", "{6F4AECF4-C6A7-4433-B3A7-2FDFA19AB2BC}"
EndProject
Global
	GlobalSection(SolutionConfigurationPlatforms) = preSolution
		Debug|Any CPU = Debug|Any CPU
		Release|Any CPU = Release|Any CPU
	EndGlobalSection
	GlobalSection(ProjectConfigurationPlatforms) = postSolution
		{FD9BF793-0E77-4190-9898-82634EC7A4AA}.Debug|Any CPU.ActiveCfg = Debug|Any CPU
		{FD9BF793-0E77-4190-9898-82634EC7A4AA}.Debug|Any CPU.Build.0 = Debug|Any CPU
		{FD9BF793-0E77-4190-9898-82634EC7A4AA}.Release|Any CPU.ActiveCfg = Release|Any CPU
		{FD9BF793-0E77-4190-9898-82634EC7A4AA}.Release|Any CPU.Build.0 = Release|Any CPU
		{6A995A87-4FE5-4A6D-A8C2-7EA05D58FB37}.Debug|Any CPU.ActiveCfg = Debug|Any CPU
		{6A995A87-4FE5-4A6D-A8C2-7EA05D58FB37}.Debug|Any CPU.Build.0 = Debug|Any CPU
		{6A995A87-4FE5-4A6D-A8C2-7EA05D58FB37}.Release|Any CPU.ActiveCfg = Release|Any CPU
		{6A995A87-4FE5-4A6D-A8C2-7EA05D58FB37}.Release|Any CPU.Build.0 = Release|Any CPU
		{FEE299F9-650C-415B-9281-8B33F3AD2BF5}.Debug|Any CPU.ActiveCfg = Debug|Any CPU
		{FEE299F9-650C-415B-9281-8B33F3AD2BF5}.Debug|Any CPU.Build.0 = Debug|Any CPU
		{FEE299F9-650C-415B-9281-8B33F3AD2BF5}.Release|Any CPU.ActiveCfg = Release|Any CPU
		{FEE299F9-650C-415B-9281-8B33F3AD2BF5}.Release|Any CPU.Build.0 = Release|Any CPU
		{81AC9293-8FA9-420E-BF9A-7FDD4BD9E888}.Debug|Any CPU.ActiveCfg = Debug|Any CPU
		{81AC9293-8FA9-420E-BF9A-7FDD4BD9E888}.Debug|Any CPU.Build.0 = Debug|Any CPU
		{81AC9293-8FA9-420E-BF9A-7FDD4BD9E888}.Release|Any CPU.ActiveCfg = Release|Any CPU
		{81AC9293-8FA9-420E-BF9A-7FDD4BD9E888}.Release|Any CPU.Build.0 = Release|Any CPU
		{6F4AECF4-C6A7-4433-B3A7-2FDFA19AB2BC}.Debug|Any CPU.ActiveCfg = Debug|Any CPU
		{6F4AECF4-C6A7-4433-B3A7-2FDFA19AB2BC}.Debug|Any CPU.Build.0 = Debug|Any CPU
		{6F4AECF4-C6A7-4433-B3A7-2FDFA19AB2BC}.Release|Any CPU.ActiveCfg = Release|Any CPU
		{6F4AECF4-C6A7-4433-B3A7-2FDFA19AB2BC}.Release|Any CPU.Build.0 = Release|Any CPU
	EndGlobalSection
	GlobalSection(SolutionProperties) = preSolution
		HideSolutionNode = FALSE
	EndGlobalSection
	GlobalSection(ExtensibilityGlobals) = postSolution
		SolutionGuid = {F3E00470-0A08-4265-8D51-EC68856AA993}
	EndGlobalSection
EndGlobal
